{"format_version":"1.2","terraform_version":"1.8.5","variables":{"environment":{"value":"dev"}},"planned_values":{"root_module":{"resources":[{"address":"helm_release.nginx","mode":"managed","type":"helm_release","name":"nginx","provider_name":"registry.terraform.io/hashicorp/helm","schema_version":1,"values":{"atomic":false,"chart":"nginx","cleanup_on_fail":false,"create_namespace":false,"dependency_update":false,"description":null,"devel":null,"disable_crd_hooks":false,"disable_openapi_validation":false,"disable_webhooks":false,"force_update":false,"keyring":null,"lint":false,"max_history":0,"name":"my-nginx","namespace":"default","pass_credentials":false,"postrender":[],"recreate_pods":false,"render_subchart_notes":true,"replace":false,"repository":"https://charts.bitnami.com/bitnami","repository_ca_file":null,"repository_cert_file":null,"repository_key_file":null,"repository_password":null,"repository_username":null,"reset_values":false,"reuse_values":false,"set":[{"name":"environment","type":"","value":"dev"},{"name":"ingress.enabled","type":"","value":"true"},{"name":"replicaCount","type":"","value":"2"},{"name":"service.type","type":"","value":"LoadBalancer"}],"set_list":[],"set_sensitive":[],"skip_crds":false,"status":"deployed","timeout":300,"upgrade_install":null,"values":null,"verify":false,"version":"13.2.12","wait":true,"wait_for_jobs":false},"sensitive_values":{"metadata":[],"postrender":[],"repository_password":true,"set":[{},{},{},{}],"set_list":[],"set_sensitive":[]}}]}},"resource_changes":[{"address":"helm_release.nginx","mode":"managed","type":"helm_release","name":"nginx","provider_name":"registry.terraform.io/hashicorp/helm","change":{"actions":["create"],"before":null,"after":{"atomic":false,"chart":"nginx","cleanup_on_fail":false,"create_namespace":false,"dependency_update":false,"description":null,"devel":null,"disable_crd_hooks":false,"disable_openapi_validation":false,"disable_webhooks":false,"force_update":false,"keyring":null,"lint":false,"max_history":0,"name":"my-nginx","namespace":"default","pass_credentials":false,"postrender":[],"recreate_pods":false,"render_subchart_notes":true,"replace":false,"repository":"https://charts.bitnami.com/bitnami","repository_ca_file":null,"repository_cert_file":null,"repository_key_file":null,"repository_password":null,"repository_username":null,"reset_values":false,"reuse_values":false,"set":[{"name":"environment","type":"","value":"dev"},{"name":"ingress.enabled","type":"","value":"true"},{"name":"replicaCount","type":"","value":"2"},{"name":"service.type","type":"","value":"LoadBalancer"}],"set_list":[],"set_sensitive":[],"skip_crds":false,"status":"deployed","timeout":300,"upgrade_install":null,"values":null,"verify":false,"version":"13.2.12","wait":true,"wait_for_jobs":false},"after_unknown":{"id":true,"manifest":true,"metadata":true,"postrender":[],"set":[{},{},{},{}],"set_list":[],"set_sensitive":[]},"before_sensitive":false,"after_sensitive":{"metadata":[],"postrender":[],"repository_password":true,"set":[{},{},{},{}],"set_list":[],"set_sensitive":[]}}}],"configuration":{"provider_config":{"helm":{"name":"helm","full_name":"registry.terraform.io/hashicorp/helm"}},"root_module":{"resources":[{"address":"helm_release.nginx","mode":"managed","type":"helm_release","name":"nginx","provider_config_key":"helm","expressions":{"chart":{"constant_value":"nginx"},"name":{"constant_value":"my-nginx"},"repository":{"constant_value":"https://charts.bitnami.com/bitnami"},"version":{"constant_value":"13.2.12"}},"schema_version":1}],"variables":{"environment":{}}}},"timestamp":"2025-01-22T19:13:07Z","applyable":true,"complete":true,"errored":false}
