version = 1
requires-python = ">=3.11"

[[package]]
name = "my-project"
version = "0.1.0"
source = { virtual = "." }

[[package]]
name = "django"
version = "4.2.7"
source = { registry = "https://pypi.org/simple" }

[[package]]
name = "requests"
version = "2.31.0"
source = { registry = "https://pypi.org/simple" }

[[package]]
name = "certifi"
version = "2024.2.2"
source = { registry = "https://pypi.org/simple" }

[[package]]
name = "urllib3"
version = "2.1.0"
source = { registry = "https://pypi.org/simple" }
